{
  "name": "Tests2",
  "lockfileVersion": 2,
  "requires": true,
  "packages": {
    "": {
      "dependencies": {
        "tilde-expansion": "^0.0.0"
      }
    },
    "node_modules/etc-passwd": {
      "version": "0.0.1",
      "resolved": "https://registry.npmjs.org/etc-passwd/-/etc-passwd-0.0.1.tgz",
      "integrity": "sha512-hqLvy81x8WBFmYBT8msBR2yUKarI1WuAFoMxV5tmkfJ3h5e64dyNLIrQUKOpUivw2i0cdxUyO2M4qZ9+Ojs3CQ==",
      "dependencies": {
        "lazylines": "= 1.0.0"
      },
      "engines": {
        "node": "*"
      }
    },
    "node_modules/lazylines": {
      "version": "1.0.0",
      "resolved": "https://registry.npmjs.org/lazylines/-/lazylines-1.0.0.tgz",
      "integrity": "sha512-iPQOeC3Dw7IbUPF2flGfEHjAyvGnC+XNk9RwJDOCTWxUENjkcy/0LVIeQ3w8X+Yw1JWLF1JNlAyrv9UKiaoypg==",
      "engines": {
        "node": "*"
      }
    },
    "node_modules/tilde-expansion": {
      "version": "0.0.0",
      "resolved": "https://registry.npmjs.org/tilde-expansion/-/tilde-expansion-0.0.0.tgz",
      "integrity": "sha512-JYFJFuc5GUCBTTxRkQYvGi+afKnv1GP7I2mrRvSMZhZkg9uYeGWij0aYPiDcZSRFq+8xGm8ryONFdeZUtzBZpw==",
      "dependencies": {
        "etc-passwd": "0.0.1"
      },
      "engines": {
        "node": "*"
      }
    }
  },
  "dependencies": {
    "etc-passwd": {
      "version": "0.0.1",
      "resolved": "https://registry.npmjs.org/etc-passwd/-/etc-passwd-0.0.1.tgz",
      "integrity": "sha512-hqLvy81x8WBFmYBT8msBR2yUKarI1WuAFoMxV5tmkfJ3h5e64dyNLIrQUKOpUivw2i0cdxUyO2M4qZ9+Ojs3CQ==",
      "requires": {
        "lazylines": "= 1.0.0"
      }
    },
    "lazylines": {
      "version": "1.0.0",
      "resolved": "https://registry.npmjs.org/lazylines/-/lazylines-1.0.0.tgz",
      "integrity": "sha512-iPQOeC3Dw7IbUPF2flGfEHjAyvGnC+XNk9RwJDOCTWxUENjkcy/0LVIeQ3w8X+Yw1JWLF1JNlAyrv9UKiaoypg=="
    },
    "tilde-expansion": {
      "version": "0.0.0",
      "resolved": "https://registry.npmjs.org/tilde-expansion/-/tilde-expansion-0.0.0.tgz",
      "integrity": "sha512-JYFJFuc5GUCBTTxRkQYvGi+afKnv1GP7I2mrRvSMZhZkg9uYeGWij0aYPiDcZSRFq+8xGm8ryONFdeZUtzBZpw==",
      "requires": {
        "etc-passwd": "0.0.1"
      }
    }
  }
}
